
Microsoft Visual Studio Solution File, Format Version 11.00
# Visual Studio 2010
Project("{FAE04EC0-301F-11D3-BF4B-00C04F79EFBC}") = "SampleApp", "SampleApp\SampleApp.csproj", "{91EBF146-D52D-46F1-9408-FB4308F05072}"
EndProject
Project("{FAE04EC0-301F-11D3-BF4B-00C04F79EFBC}") = "Cheeseknife", "Cheeseknife\Cheeseknife.csproj", "{19D03BDF-6727-49F0-B105-F8DB07EF078D}"
EndProject
Global
	GlobalSection(SolutionConfigurationPlatforms) = preSolution
		Debug|Any CPU = Debug|Any CPU
		Release|Any CPU = Release|Any CPU
	EndGlobalSection
	GlobalSection(ProjectConfigurationPlatforms) = postSolution
		{19D03BDF-6727-49F0-B105-F8DB07EF078D}.Debug|Any CPU.ActiveCfg = Debug|Any CPU
		{19D03BDF-6727-49F0-B105-F8DB07EF078D}.Debug|Any CPU.Build.0 = Debug|Any CPU
		{19D03BDF-6727-49F0-B105-F8DB07EF078D}.Release|Any CPU.ActiveCfg = Release|Any CPU
		{19D03BDF-6727-49F0-B105-F8DB07EF078D}.Release|Any CPU.Build.0 = Release|Any CPU
		{91EBF146-D52D-46F1-9408-FB4308F05072}.Debug|Any CPU.ActiveCfg = Debug|Any CPU
		{91EBF146-D52D-46F1-9408-FB4308F05072}.Debug|Any CPU.Build.0 = Debug|Any CPU
		{91EBF146-D52D-46F1-9408-FB4308F05072}.Release|Any CPU.ActiveCfg = Release|Any CPU
		{91EBF146-D52D-46F1-9408-FB4308F05072}.Release|Any CPU.Build.0 = Release|Any CPU
	EndGlobalSection
	GlobalSection(MonoDevelopProperties) = preSolution
		StartupItem = SampleApp\SampleApp.csproj
		version = 1.0
	EndGlobalSection
EndGlobal
